<?xml version="1.0" encoding="UTF-8" standalone="yes" ?>
<CodeBlocks_project_file>
	<FileVersion major="1" minor="6" />
	<Project>
		<Option title="projet AN" />
		<Option pch_mode="2" />
		<Option compiler="gcc" />
		<Build>
			<Target title="Debug">
				<Option output="bin/Debug/projet AN" prefix_auto="1" extension_auto="1" />
				<Option object_output="obj/Debug/" />
				<Option type="1" />
				<Option compiler="gcc" />
				<Compiler>
					<Add option="-g" />
					<Add option="`pkg-config gtk+-3.0 --cflags`" />
				</Compiler>
				<Linker>
					<Add option="`pkg-config gtk+-3.0 --libs`" />
				</Linker>
			</Target>
			<Target title="Release">
				<Option output="bin/Release/projet AN" prefix_auto="1" extension_auto="1" />
				<Option object_output="obj/Release/" />
				<Option type="1" />
				<Option compiler="gcc" />
				<Compiler>
					<Add option="-O2" />
				</Compiler>
				<Linker>
					<Add option="-s" />
				</Linker>
			</Target>
		</Build>
		<Compiler>
			<Add option="-Wall" />
			<Add option="-fexceptions" />
		</Compiler>
		<Unit filename="Bezier_Algo CastleJau.cpp" />
		<Unit filename="Circle.cpp" />
		<Unit filename="Clipping.cpp" />
		<Unit filename="Line.cpp" />
		<Unit filename="projet AN.cbp" />
		<Unit filename="scanline.cpp" />
		<Extensions>
			<lib_finder disable_auto="1" />
		</Extensions>
	</Project>
</CodeBlocks_project_file>
